
Microsoft Visual Studio Solution File, Format Version 12.00
# Visual Studio Version 17
VisualStudioVersion = 17.3.32929.385
MinimumVisualStudioVersion = 10.0.40219.1
Project("{FAE04EC0-301F-11D3-BF4B-00C04F79EFBC}") = "WindowsFormsApp7", "WindowsFormsApp7\WindowsFormsApp7.csproj", "{86B3CCCE-FE7F-4522-BFD4-6CFD6F46FDC8}"
EndProject
Global
	GlobalSection(SolutionConfigurationPlatforms) = preSolution
		Debug|Any CPU = Debug|Any CPU
		Release|Any CPU = Release|Any CPU
	EndGlobalSection
	GlobalSection(ProjectConfigurationPlatforms) = postSolution
		{86B3CCCE-FE7F-4522-BFD4-6CFD6F46FDC8}.Debug|Any CPU.ActiveCfg = Debug|Any CPU
		{86B3CCCE-FE7F-4522-BFD4-6CFD6F46FDC8}.Debug|Any CPU.Build.0 = Debug|Any CPU
		{86B3CCCE-FE7F-4522-BFD4-6CFD6F46FDC8}.Release|Any CPU.ActiveCfg = Release|Any CPU
		{86B3CCCE-FE7F-4522-BFD4-6CFD6F46FDC8}.Release|Any CPU.Build.0 = Release|Any CPU
	EndGlobalSection
	GlobalSection(SolutionProperties) = preSolution
		HideSolutionNode = FALSE
	EndGlobalSection
	GlobalSection(ExtensibilityGlobals) = postSolution
		SolutionGuid = {6E27626C-4722-40AB-BBF5-1FA88B36974E}
	EndGlobalSection
EndGlobal
